
Microsoft Visual Studio Solution File, Format Version 12.00
# Visual Studio Version 16
VisualStudioVersion = 16.0.31112.23
MinimumVisualStudioVersion = 10.0.40219.1
Project("{FAE04EC0-301F-11D3-BF4B-00C04F79EFBC}") = "ETiyatro", "ETiyatro\ETiyatro.csproj", "{9A7BB5BE-06C7-4BE9-8D52-154EF3008E57}"
EndProject
Global
	GlobalSection(SolutionConfigurationPlatforms) = preSolution
		Debug|Any CPU = Debug|Any CPU
		Release|Any CPU = Release|Any CPU
	EndGlobalSection
	GlobalSection(ProjectConfigurationPlatforms) = postSolution
		{9A7BB5BE-06C7-4BE9-8D52-154EF3008E57}.Debug|Any CPU.ActiveCfg = Debug|Any CPU
		{9A7BB5BE-06C7-4BE9-8D52-154EF3008E57}.Debug|Any CPU.Build.0 = Debug|Any CPU
		{9A7BB5BE-06C7-4BE9-8D52-154EF3008E57}.Release|Any CPU.ActiveCfg = Release|Any CPU
		{9A7BB5BE-06C7-4BE9-8D52-154EF3008E57}.Release|Any CPU.Build.0 = Release|Any CPU
	EndGlobalSection
	GlobalSection(SolutionProperties) = preSolution
		HideSolutionNode = FALSE
	EndGlobalSection
	GlobalSection(ExtensibilityGlobals) = postSolution
		SolutionGuid = {AD5E77E1-9FAB-4B8C-AFB0-F1068E2CBE44}
	EndGlobalSection
EndGlobal
